// !$*UTF8*$!
{
	archiveVersion = 1;
	classes = {
	};
	objectVersion = 55;
	objects = {

/* Begin PBXBuildFile section */
		493A6B9727DB6E7500C4466B /* AppDelegate.swift in Sources */ = {isa = PBXBuildFile; fileRef = 493A6B9627DB6E7500C4466B /* AppDelegate.swift */; };
		493A6B9927DB6E7500C4466B /* SceneDelegate.swift in Sources */ = {isa = PBXBuildFile; fileRef = 493A6B9827DB6E7500C4466B /* SceneDelegate.swift */; };
		493A6B9B27DB6E7500C4466B /* ViewController.swift in Sources */ = {isa = PBXBuildFile; fileRef = 493A6B9A27DB6E7500C4466B /* ViewController.swift */; };
		493A6B9E27DB6E7500C4466B /* Main.storyboard in Resources */ = {isa = PBXBuildFile; fileRef = 493A6B9C27DB6E7500C4466B /* Main.storyboard */; };
		493A6BA027DB6E7500C4466B /* Assets.xcassets in Resources */ = {isa = PBXBuildFile; fileRef = 493A6B9F27DB6E7500C4466B /* Assets.xcassets */; };
		493A6BA327DB6E7500C4466B /* LaunchScreen.storyboard in Resources */ = {isa = PBXBuildFile; fileRef = 493A6BA127DB6E7500C4466B /* LaunchScreen.storyboard */; };
		49BFDD0927DB6EEA00C14C89 /* MainViewController.swift in Sources */ = {isa = PBXBuildFile; fileRef = 49BFDD0827DB6EEA00C14C89 /* MainViewController.swift */; };
		49BFDD0B27DB6F0F00C14C89 /* Model.swift in Sources */ = {isa = PBXBuildFile; fileRef = 49BFDD0A27DB6F0F00C14C89 /* Model.swift */; };
		49BFDD0D27DB6F1E00C14C89 /* Presenter.swift in Sources */ = {isa = PBXBuildFile; fileRef = 49BFDD0C27DB6F1E00C14C89 /* Presenter.swift */; };
/* End PBXBuildFile section */

/* Begin PBXFileReference section */
		493A6B9327DB6E7500C4466B /* MVPModule.app */ = {isa = PBXFileReference; explicitFileType = wrapper.application; includeInIndex = 0; path = MVPModule.app; sourceTree = BUILT_PRODUCTS_DIR; };
		493A6B9627DB6E7500C4466B /* AppDelegate.swift */ = {isa = PBXFileReference; lastKnownFileType = sourcecode.swift; path = AppDelegate.swift; sourceTree = "<group>"; };
		493A6B9827DB6E7500C4466B /* SceneDelegate.swift */ = {isa = PBXFileReference; lastKnownFileType = sourcecode.swift; path = SceneDelegate.swift; sourceTree = "<group>"; };
		493A6B9A27DB6E7500C4466B /* ViewController.swift */ = {isa = PBXFileReference; lastKnownFileType = sourcecode.swift; path = ViewController.swift; sourceTree = "<group>"; };
		493A6B9D27DB6E7500C4466B /* Base */ = {isa = PBXFileReference; lastKnownFileType = file.storyboard; name = Base; path = Base.lproj/Main.storyboard; sourceTree = "<group>"; };
		493A6B9F27DB6E7500C4466B /* Assets.xcassets */ = {isa = PBXFileReference; lastKnownFileType = folder.assetcatalog; path = Assets.xcassets; sourceTree = "<group>"; };
		493A6BA227DB6E7500C4466B /* Base */ = {isa = PBXFileReference; lastKnownFileType = file.storyboard; name = Base; path = Base.lproj/LaunchScreen.storyboard; sourceTree = "<group>"; };
		493A6BA427DB6E7500C4466B /* Info.plist */ = {isa = PBXFileReference; lastKnownFileType = text.plist.xml; path = Info.plist; sourceTree = "<group>"; };
		49BFDD0827DB6EEA00C14C89 /* MainViewController.swift */ = {isa = PBXFileReference; lastKnownFileType = sourcecode.swift; path = MainViewController.swift; sourceTree = "<group>"; };
		49BFDD0A27DB6F0F00C14C89 /* Model.swift */ = {isa = PBXFileReference; lastKnownFileType = sourcecode.swift; path = Model.swift; sourceTree = "<group>"; };
		49BFDD0C27DB6F1E00C14C89 /* Presenter.swift */ = {isa = PBXFileReference; lastKnownFileType = sourcecode.swift; path = Presenter.swift; sourceTree = "<group>"; };
/* End PBXFileReference section */

/* Begin PBXFrameworksBuildPhase section */
		493A6B9027DB6E7400C4466B /* Frameworks */ = {
			isa = PBXFrameworksBuildPhase;
			buildActionMask = 2147483647;
			files = (
			);
			runOnlyForDeploymentPostprocessing = 0;
		};
/* End PBXFrameworksBuildPhase section */

/* Begin PBXGroup section */
		493A6B8A27DB6E7400C4466B = {
			isa = PBXGroup;
			children = (
				493A6B9527DB6E7500C4466B /* MVPModule */,
				493A6B9427DB6E7500C4466B /* Products */,
			);
			sourceTree = "<group>";
		};
		493A6B9427DB6E7500C4466B /* Products */ = {
			isa = PBXGroup;
			children = (
				493A6B9327DB6E7500C4466B /* MVPModule.app */,
			);
			name = Products;
			sourceTree = "<group>";
		};
		493A6B9527DB6E7500C4466B /* MVPModule */ = {
			isa = PBXGroup;
			children = (
				493A6B9627DB6E7500C4466B /* AppDelegate.swift */,
				493A6B9827DB6E7500C4466B /* SceneDelegate.swift */,
				493A6B9A27DB6E7500C4466B /* ViewController.swift */,
				49BFDD0E27DB6F2300C14C89 /* MainModule */,
				493A6B9C27DB6E7500C4466B /* Main.storyboard */,
				493A6B9F27DB6E7500C4466B /* Assets.xcassets */,
				493A6BA127DB6E7500C4466B /* LaunchScreen.storyboard */,
				493A6BA427DB6E7500C4466B /* Info.plist */,
			);
			path = MVPModule;
			sourceTree = "<group>";
		};
		49BFDD0E27DB6F2300C14C89 /* MainModule */ = {
			isa = PBXGroup;
			children = (
				49BFDD0827DB6EEA00C14C89 /* MainViewController.swift */,
				49BFDD0C27DB6F1E00C14C89 /* Presenter.swift */,
				49BFDD0A27DB6F0F00C14C89 /* Model.swift */,
			);
			path = MainModule;
			sourceTree = "<group>";
		};
/* End PBXGroup section */

/* Begin PBXNativeTarget section */
		493A6B9227DB6E7400C4466B /* MVPModule */ = {
			isa = PBXNativeTarget;
			buildConfigurationList = 493A6BA727DB6E7500C4466B /* Build configuration list for PBXNativeTarget "MVPModule" */;
			buildPhases = (
				493A6B8F27DB6E7400C4466B /* Sources */,
				493A6B9027DB6E7400C4466B /* Frameworks */,
				493A6B9127DB6E7400C4466B /* Resources */,
			);
			buildRules = (
			);
			dependencies = (
			);
			name = MVPModule;
			productName = MVPModule;
			productReference = 493A6B9327DB6E7500C4466B /* MVPModule.app */;
			productType = "com.apple.product-type.application";
		};
/* End PBXNativeTarget section */

/* Begin PBXProject section */
		493A6B8B27DB6E7400C4466B /* Project object */ = {
			isa = PBXProject;
			attributes = {
				BuildIndependentTargetsInParallel = 1;
				LastSwiftUpdateCheck = 1320;
				LastUpgradeCheck = 1320;
				TargetAttributes = {
					493A6B9227DB6E7400C4466B = {
						CreatedOnToolsVersion = 13.2.1;
					};
				};
			};
			buildConfigurationList = 493A6B8E27DB6E7400C4466B /* Build configuration list for PBXProject "MVPModule" */;
			compatibilityVersion = "Xcode 13.0";
			developmentRegion = en;
			hasScannedForEncodings = 0;
			knownRegions = (
				en,
				Base,
			);
			mainGroup = 493A6B8A27DB6E7400C4466B;
			productRefGroup = 493A6B9427DB6E7500C4466B /* Products */;
			projectDirPath = "";
			projectRoot = "";
			targets = (
				493A6B9227DB6E7400C4466B /* MVPModule */,
			);
		};
/* End PBXProject section */

/* Begin PBXResourcesBuildPhase section */
		493A6B9127DB6E7400C4466B /* Resources */ = {
			isa = PBXResourcesBuildPhase;
			buildActionMask = 2147483647;
			files = (
				493A6BA327DB6E7500C4466B /* LaunchScreen.storyboard in Resources */,
				493A6BA027DB6E7500C4466B /* Assets.xcassets in Resources */,
				493A6B9E27DB6E7500C4466B /* Main.storyboard in Resources */,
			);
			runOnlyForDeploymentPostprocessing = 0;
		};
/* End PBXResourcesBuildPhase section */

/* Begin PBXSourcesBuildPhase section */
		493A6B8F27DB6E7400C4466B /* Sources */ = {
			isa = PBXSourcesBuildPhase;
			buildActionMask = 2147483647;
			files = (
				49BFDD0D27DB6F1E00C14C89 /* Presenter.swift in Sources */,
				49BFDD0B27DB6F0F00C14C89 /* Model.swift in Sources */,
				493A6B9B27DB6E7500C4466B /* ViewController.swift in Sources */,
				493A6B9727DB6E7500C4466B /* AppDelegate.swift in Sources */,
				493A6B9927DB6E7500C4466B /* SceneDelegate.swift in Sources */,
				49BFDD0927DB6EEA00C14C89 /* MainViewController.swift in Sources */,
			);
			runOnlyForDeploymentPostprocessing = 0;
		};
/* End PBXSourcesBuildPhase section */

/* Begin PBXVariantGroup section */
		493A6B9C27DB6E7500C4466B /* Main.storyboard */ = {
			isa = PBXVariantGroup;
			children = (
				493A6B9D27DB6E7500C4466B /* Base */,
			);
			name = Main.storyboard;
			sourceTree = "<group>";
		};
		493A6BA127DB6E7500C4466B /* LaunchScreen.storyboard */ = {
			isa = PBXVariantGroup;
			children = (
				493A6BA227DB6E7500C4466B /* Base */,
			);
			name = LaunchScreen.storyboard;
			sourceTree = "<group>";
		};
/* End PBXVariantGroup section */

/* Begin XCBuildConfiguration section */
		493A6BA527DB6E7500C4466B /* Debug */ = {
			isa = XCBuildConfiguration;
			buildSettings = {
				ALWAYS_SEARCH_USER_PATHS = NO;
				CLANG_ANALYZER_NONNULL = YES;
				CLANG_ANALYZER_NUMBER_OBJECT_CONVERSION = YES_AGGRESSIVE;
				CLANG_CXX_LANGUAGE_STANDARD = "gnu++17";
				CLANG_CXX_LIBRARY = "libc++";
				CLANG_ENABLE_MODULES = YES;
				CLANG_ENABLE_OBJC_ARC = YES;
				CLANG_ENABLE_OBJC_WEAK = YES;
				CLANG_WARN_BLOCK_CAPTURE_AUTORELEASING = YES;
				CLANG_WARN_BOOL_CONVERSION = YES;
				CLANG_WARN_COMMA = YES;
				CLANG_WARN_CONSTANT_CONVERSION = YES;
				CLANG_WARN_DEPRECATED_OBJC_IMPLEMENTATIONS = YES;
				CLANG_WARN_DIRECT_OBJC_ISA_USAGE = YES_ERROR;
				CLANG_WARN_DOCUMENTATION_COMMENTS = YES;
				CLANG_WARN_EMPTY_BODY = YES;
				CLANG_WARN_ENUM_CONVERSION = YES;
				CLANG_WARN_INFINITE_RECURSION = YES;
				CLANG_WARN_INT_CONVERSION = YES;
				CLANG_WARN_NON_LITERAL_NULL_CONVERSION = YES;
				CLANG_WARN_OBJC_IMPLICIT_RETAIN_SELF = YES;
				CLANG_WARN_OBJC_LITERAL_CONVERSION = YES;
				CLANG_WARN_OBJC_ROOT_CLASS = YES_ERROR;
				CLANG_WARN_QUOTED_INCLUDE_IN_FRAMEWORK_HEADER = YES;
				CLANG_WARN_RANGE_LOOP_ANALYSIS = YES;
				CLANG_WARN_STRICT_PROTOTYPES = YES;
				CLANG_WARN_SUSPICIOUS_MOVE = YES;
				CLANG_WARN_UNGUARDED_AVAILABILITY = YES_AGGRESSIVE;
				CLANG_WARN_UNREACHABLE_CODE = YES;
				CLANG_WARN__DUPLICATE_METHOD_MATCH = YES;
				COPY_PHASE_STRIP = NO;
				DEBUG_INFORMATION_FORMAT = dwarf;
				ENABLE_STRICT_OBJC_MSGSEND = YES;
				ENABLE_TESTABILITY = YES;
				GCC_C_LANGUAGE_STANDARD = gnu11;
				GCC_DYNAMIC_NO_PIC = NO;
				GCC_NO_COMMON_BLOCKS = YES;
				GCC_OPTIMIZATION_LEVEL = 0;
				GCC_PREPROCESSOR_DEFINITIONS = (
					"DEBUG=1",
					"$(inherited)",
				);
				GCC_WARN_64_TO_32_BIT_CONVERSION = YES;
				GCC_WARN_ABOUT_RETURN_TYPE = YES_ERROR;
				GCC_WARN_UNDECLARED_SELECTOR = YES;
				GCC_WARN_UNINITIALIZED_AUTOS = YES_AGGRESSIVE;
				GCC_WARN_UNUSED_FUNCTION = YES;
				GCC_WARN_UNUSED_VARIABLE = YES;
				IPHONEOS_DEPLOYMENT_TARGET = 15.2;
				MTL_ENABLE_DEBUG_INFO = INCLUDE_SOURCE;
				MTL_FAST_MATH = YES;
				ONLY_ACTIVE_ARCH = YES;
				SDKROOT = iphoneos;
				SWIFT_ACTIVE_COMPILATION_CONDITIONS = DEBUG;
				SWIFT_OPTIMIZATION_LEVEL = "-Onone";
			};
			name = Debug;
		};
		493A6BA627DB6E7500C4466B /* Release */ = {
			isa = XCBuildConfiguration;
			buildSettings = {
				ALWAYS_SEARCH_USER_PATHS = NO;
				CLANG_ANALYZER_NONNULL = YES;
				CLANG_ANALYZER_NUMBER_OBJECT_CONVERSION = YES_AGGRESSIVE;
				CLANG_CXX_LANGUAGE_STANDARD = "gnu++17";
				CLANG_CXX_LIBRARY = "libc++";
				CLANG_ENABLE_MODULES = YES;
				CLANG_ENABLE_OBJC_ARC = YES;
				CLANG_ENABLE_OBJC_WEAK = YES;
				CLANG_WARN_BLOCK_CAPTURE_AUTORELEASING = YES;
				CLANG_WARN_BOOL_CONVERSION = YES;
				CLANG_WARN_COMMA = YES;
				CLANG_WARN_CONSTANT_CONVERSION = YES;
				CLANG_WARN_DEPRECATED_OBJC_IMPLEMENTATIONS = YES;
				CLANG_WARN_DIRECT_OBJC_ISA_USAGE = YES_ERROR;
				CLANG_WARN_DOCUMENTATION_COMMENTS = YES;
				CLANG_WARN_EMPTY_BODY = YES;
				CLANG_WARN_ENUM_CONVERSION = YES;
				CLANG_WARN_INFINITE_RECURSION = YES;
				CLANG_WARN_INT_CONVERSION = YES;
				CLANG_WARN_NON_LITERAL_NULL_CONVERSION = YES;
				CLANG_WARN_OBJC_IMPLICIT_RETAIN_SELF = YES;
				CLANG_WARN_OBJC_LITERAL_CONVERSION = YES;
				CLANG_WARN_OBJC_ROOT_CLASS = YES_ERROR;
				CLANG_WARN_QUOTED_INCLUDE_IN_FRAMEWORK_HEADER = YES;
				CLANG_WARN_RANGE_LOOP_ANALYSIS = YES;
				CLANG_WARN_STRICT_PROTOTYPES = YES;
				CLANG_WARN_SUSPICIOUS_MOVE = YES;
				CLANG_WARN_UNGUARDED_AVAILABILITY = YES_AGGRESSIVE;
				CLANG_WARN_UNREACHABLE_CODE = YES;
				CLANG_WARN__DUPLICATE_METHOD_MATCH = YES;
				COPY_PHASE_STRIP = NO;
				DEBUG_INFORMATION_FORMAT = "dwarf-with-dsym";
				ENABLE_NS_ASSERTIONS = NO;
				ENABLE_STRICT_OBJC_MSGSEND = YES;
				GCC_C_LANGUAGE_STANDARD = gnu11;
				GCC_NO_COMMON_BLOCKS = YES;
				GCC_WARN_64_TO_32_BIT_CONVERSION = YES;
				GCC_WARN_ABOUT_RETURN_TYPE = YES_ERROR;
				GCC_WARN_UNDECLARED_SELECTOR = YES;
				GCC_WARN_UNINITIALIZED_AUTOS = YES_AGGRESSIVE;
				GCC_WARN_UNUSED_FUNCTION = YES;
				GCC_WARN_UNUSED_VARIABLE = YES;
				IPHONEOS_DEPLOYMENT_TARGET = 15.2;
				MTL_ENABLE_DEBUG_INFO = NO;
				MTL_FAST_MATH = YES;
				SDKROOT = iphoneos;
				SWIFT_COMPILATION_MODE = wholemodule;
				SWIFT_OPTIMIZATION_LEVEL = "-O";
				VALIDATE_PRODUCT = YES;
			};
			name = Release;
		};
		493A6BA827DB6E7500C4466B /* Debug */ = {
			isa = XCBuildConfiguration;
			buildSettings = {
				ASSETCATALOG_COMPILER_APPICON_NAME = AppIcon;
				ASSETCATALOG_COMPILER_GLOBAL_ACCENT_COLOR_NAME = AccentColor;
				CODE_SIGN_STYLE = Automatic;
				CURRENT_PROJECT_VERSION = 1;
				DEVELOPMENT_TEAM = 4LU2BMBADH;
				GENERATE_INFOPLIST_FILE = YES;
				INFOPLIST_FILE = MVPModule/Info.plist;
				INFOPLIST_KEY_UIApplicationSupportsIndirectInputEvents = YES;
				INFOPLIST_KEY_UILaunchStoryboardName = LaunchScreen;
				INFOPLIST_KEY_UIMainStoryboardFile = Main;
				INFOPLIST_KEY_UISupportedInterfaceOrientations_iPad = "UIInterfaceOrientationPortrait UIInterfaceOrientationPortraitUpsideDown UIInterfaceOrientationLandscapeLeft UIInterfaceOrientationLandscapeRight";
				INFOPLIST_KEY_UISupportedInterfaceOrientations_iPhone = "UIInterfaceOrientationPortrait UIInterfaceOrientationLandscapeLeft UIInterfaceOrientationLandscapeRight";
				LD_RUNPATH_SEARCH_PATHS = (
					"$(inherited)",
					"@executable_path/Frameworks",
				);
				MARKETING_VERSION = 1.0;
				PRODUCT_BUNDLE_IDENTIFIER = Tambanco.MVPModule;
				PRODUCT_NAME = "$(TARGET_NAME)";
				SWIFT_EMIT_LOC_STRINGS = YES;
				SWIFT_VERSION = 5.0;
				TARGETED_DEVICE_FAMILY = "1,2";
			};
			name = Debug;
		};
		493A6BA927DB6E7500C4466B /* Release */ = {
			isa = XCBuildConfiguration;
			buildSettings = {
				ASSETCATALOG_COMPILER_APPICON_NAME = AppIcon;
				ASSETCATALOG_COMPILER_GLOBAL_ACCENT_COLOR_NAME = AccentColor;
				CODE_SIGN_STYLE = Automatic;
				CURRENT_PROJECT_VERSION = 1;
				DEVELOPMENT_TEAM = 4LU2BMBADH;
				GENERATE_INFOPLIST_FILE = YES;
				INFOPLIST_FILE = MVPModule/Info.plist;
				INFOPLIST_KEY_UIApplicationSupportsIndirectInputEvents = YES;
				INFOPLIST_KEY_UILaunchStoryboardName = LaunchScreen;
				INFOPLIST_KEY_UIMainStoryboardFile = Main;
				INFOPLIST_KEY_UISupportedInterfaceOrientations_iPad = "UIInterfaceOrientationPortrait UIInterfaceOrientationPortraitUpsideDown UIInterfaceOrientationLandscapeLeft UIInterfaceOrientationLandscapeRight";
				INFOPLIST_KEY_UISupportedInterfaceOrientations_iPhone = "UIInterfaceOrientationPortrait UIInterfaceOrientationLandscapeLeft UIInterfaceOrientationLandscapeRight";
				LD_RUNPATH_SEARCH_PATHS = (
					"$(inherited)",
					"@executable_path/Frameworks",
				);
				MARKETING_VERSION = 1.0;
				PRODUCT_BUNDLE_IDENTIFIER = Tambanco.MVPModule;
				PRODUCT_NAME = "$(TARGET_NAME)";
				SWIFT_EMIT_LOC_STRINGS = YES;
				SWIFT_VERSION = 5.0;
				TARGETED_DEVICE_FAMILY = "1,2";
			};
			name = Release;
		};
/* End XCBuildConfiguration section */

/* Begin XCConfigurationList section */
		493A6B8E27DB6E7400C4466B /* Build configuration list for PBXProject "MVPModule" */ = {
			isa = XCConfigurationList;
			buildConfigurations = (
				493A6BA527DB6E7500C4466B /* Debug */,
				493A6BA627DB6E7500C4466B /* Release */,
			);
			defaultConfigurationIsVisible = 0;
			defaultConfigurationName = Release;
		};
		493A6BA727DB6E7500C4466B /* Build configuration list for PBXNativeTarget "MVPModule" */ = {
			isa = XCConfigurationList;
			buildConfigurations = (
				493A6BA827DB6E7500C4466B /* Debug */,
				493A6BA927DB6E7500C4466B /* Release */,
			);
			defaultConfigurationIsVisible = 0;
			defaultConfigurationName = Release;
		};
/* End XCConfigurationList section */
	};
	rootObject = 493A6B8B27DB6E7400C4466B /* Project object */;
}
